# This file is generated by running "yarn install" inside your project.
# Manual changes might be lost - proceed with caution!

__metadata:
  version: 8
  cacheKey: 10c0

"@nebulus/react-state@workspace:.":
  version: 0.0.0-use.local
  resolution: "@nebulus/react-state@workspace:."
  dependencies:
    "@types/events": "npm:^3"
    "@types/react": "npm:^18.2.47"
    events: "npm:^3.3.0"
    typescript: "npm:^5.3.3"
  peerDependencies:
    react: ">=16.8"
  languageName: unknown
  linkType: soft

"@types/events@npm:^3":
  version: 3.0.3
  resolution: "@types/events@npm:3.0.3"
  checksum: 10c0/3a56f8c51eb4ebc0d05dcadca0c6636c816acc10216ce36c976fad11e54a01f4bb979a07211355686015884753b37f17d74bfdc7aaf4ebb027c1e8a501c7b21d
  languageName: node
  linkType: hard

"@types/prop-types@npm:*":
  version: 15.7.11
  resolution: "@types/prop-types@npm:15.7.11"
  checksum: 10c0/e53423cf9d510515ef8b47ff42f4f1b65a7b7b37c8704e2dbfcb9a60defe0c0e1f3cb1acfdeb466bad44ca938d7c79bffdd51b48ffb659df2432169d0b27a132
  languageName: node
  linkType: hard

"@types/react@npm:^18.2.47":
  version: 18.2.47
  resolution: "@types/react@npm:18.2.47"
  dependencies:
    "@types/prop-types": "npm:*"
    "@types/scheduler": "npm:*"
    csstype: "npm:^3.0.2"
  checksum: 10c0/e98ea1827fe60636d0f7ce206397159a29fc30613fae43e349e32c10ad3c0b7e0ed2ded2f3239e07bd5a3cba8736b6114ba196acccc39905ca4a06f56a8d2841
  languageName: node
  linkType: hard

"@types/scheduler@npm:*":
  version: 0.16.8
  resolution: "@types/scheduler@npm:0.16.8"
  checksum: 10c0/f86de504945b8fc41b1f391f847444d542e2e4067cf7e5d9bfeb5d2d2393d3203b1161bc0ef3b1e104d828dabfb60baf06e8d2c27e27ff7e8258e6e618d8c4ec
  languageName: node
  linkType: hard

"csstype@npm:^3.0.2":
  version: 3.1.3
  resolution: "csstype@npm:3.1.3"
  checksum: 10c0/80c089d6f7e0c5b2bd83cf0539ab41474198579584fa10d86d0cafe0642202343cbc119e076a0b1aece191989477081415d66c9fefbf3c957fc2fc4b7009f248
  languageName: node
  linkType: hard

"events@npm:^3.3.0":
  version: 3.3.0
  resolution: "events@npm:3.3.0"
  checksum: 10c0/d6b6f2adbccbcda74ddbab52ed07db727ef52e31a61ed26db9feb7dc62af7fc8e060defa65e5f8af9449b86b52cc1a1f6a79f2eafcf4e62add2b7a1fa4a432f6
  languageName: node
  linkType: hard

"typescript@npm:^5.3.3":
  version: 5.3.3
  resolution: "typescript@npm:5.3.3"
  bin:
    tsc: bin/tsc
    tsserver: bin/tsserver
  checksum: 10c0/e33cef99d82573624fc0f854a2980322714986bc35b9cb4d1ce736ed182aeab78e2cb32b385efa493b2a976ef52c53e20d6c6918312353a91850e2b76f1ea44f
  languageName: node
  linkType: hard

"typescript@patch:typescript@npm%3A^5.3.3#optional!builtin<compat/typescript>":
  version: 5.3.3
  resolution: "typescript@patch:typescript@npm%3A5.3.3#optional!builtin<compat/typescript>::version=5.3.3&hash=e012d7"
  bin:
    tsc: bin/tsc
    tsserver: bin/tsserver
  checksum: 10c0/1d0a5f4ce496c42caa9a30e659c467c5686eae15d54b027ee7866744952547f1be1262f2d40de911618c242b510029d51d43ff605dba8fb740ec85ca2d3f9500
  languageName: node
  linkType: hard
